// !$*UTF8*$!
{
	archiveVersion = 1;
	classes = {
	};
	objectVersion = 42;
	objects = {
		D7BA7D76DAB5DD13389D6332 = {
			buildActionMask = 2147483647;
			files = (
				);
			generatedFileNames = (
				);
			isa = PBXShellScriptBuildPhase;
			name = "Qt Qmake";
			neededFileNames = (
				);
			shellPath = "/bin/sh";
			shellScript = "make\ -C\ /Users/shrymc/Development/chemvp/compilation_mac_os_x_64\ -f\ cheMVP.xcodeproj/qt_makeqmake.mak";
		};
		6099A48C4BDF60912BA36DC1 = {
			isa = PBXFileReference;
			name = "angle.cpp";
			path = "../src/angle.cpp";
			refType = 4;
			lastKnownFileType = "sourcecode.cpp.cpp";
		};
		6E3CED9600DCAFA923B571B5 = {
			fileRef = "6099A48C4BDF60912BA36DC1";
			isa = PBXBuildFile;
			settings = {
				ATTRIBUTES = (
					);
			};
		};
		7643D31203D8AF46C42E5E91 = {
			isa = PBXFileReference;
			name = "anglemarker.cpp";
			path = "../src/anglemarker.cpp";
			refType = 4;
			lastKnownFileType = "sourcecode.cpp.cpp";
		};
		DC6637A510E2AF24E4127737 = {
			fileRef = "7643D31203D8AF46C42E5E91";
			isa = PBXBuildFile;
			settings = {
				ATTRIBUTES = (
					);
			};
		};
		6CA6CE6FE37F1EC1AF495710 = {
			isa = PBXFileReference;
			name = "arrow.cpp";
			path = "../src/arrow.cpp";
			refType = 4;
			lastKnownFileType = "sourcecode.cpp.cpp";
		};
		68440E64188D082FEC3B5F58 = {
			fileRef = "6CA6CE6FE37F1EC1AF495710";
			isa = PBXBuildFile;
			settings = {
				ATTRIBUTES = (
					);
			};
		};
		6B424F40E226E9781AD4CC80 = {
			isa = PBXFileReference;
			name = "atom.cpp";
			path = "../src/atom.cpp";
			refType = 4;
			lastKnownFileType = "sourcecode.cpp.cpp";
		};
		481A19CFD8203C3DF3395F20 = {
			fileRef = "6B424F40E226E9781AD4CC80";
			isa = PBXBuildFile;
			settings = {
				ATTRIBUTES = (
					);
			};
		};
		637627282690E6A82F9F779A = {
			isa = PBXFileReference;
			name = "bond.cpp";
			path = "../src/bond.cpp";
			refType = 4;
			lastKnownFileType = "sourcecode.cpp.cpp";
		};
		8FCE32C95ACA402EF7EE12E9 = {
			fileRef = "637627282690E6A82F9F779A";
			isa = PBXBuildFile;
			settings = {
				ATTRIBUTES = (
					);
			};
		};
		915D2C7363712D17FFED16E5 = {
			isa = PBXFileReference;
			name = "drawingcanvas.cpp";
			path = "../src/drawingcanvas.cpp";
			refType = 4;
			lastKnownFileType = "sourcecode.cpp.cpp";
		};
		437631504D09782C4EF79EFF = {
			fileRef = "915D2C7363712D17FFED16E5";
			isa = PBXBuildFile;
			settings = {
				ATTRIBUTES = (
					);
			};
		};
		D98EC1DB080E7A650AA7A3A6 = {
			isa = PBXFileReference;
			name = "drawinginfo.cpp";
			path = "../src/drawinginfo.cpp";
			refType = 4;
			lastKnownFileType = "sourcecode.cpp.cpp";
		};
		BDAFE109DE268D895FBD935E = {
			fileRef = "D98EC1DB080E7A650AA7A3A6";
			isa = PBXBuildFile;
			settings = {
				ATTRIBUTES = (
					);
			};
		};
		B3ED9DB1EDCB35E78DF2F2BC = {
			isa = PBXFileReference;
			name = "error.cpp";
			path = "../src/error.cpp";
			refType = 4;
			lastKnownFileType = "sourcecode.cpp.cpp";
		};
		9D7389B1310624D77CE461CC = {
			fileRef = "B3ED9DB1EDCB35E78DF2F2BC";
			isa = PBXBuildFile;
			settings = {
				ATTRIBUTES = (
					);
			};
		};
		97E853C213BFCFC79E35FAAE = {
			isa = PBXFileReference;
			name = "fileparser.cpp";
			path = "../src/fileparser.cpp";
			refType = 4;
			lastKnownFileType = "sourcecode.cpp.cpp";
		};
		DEF57350D1F012443F70B860 = {
			fileRef = "97E853C213BFCFC79E35FAAE";
			isa = PBXBuildFile;
			settings = {
				ATTRIBUTES = (
					);
			};
		};
		111E4FF2FBA53D123131854B = {
			isa = PBXFileReference;
			name = "fileparser_xyz.cpp";
			path = "../src/fileparser_xyz.cpp";
			refType = 4;
			lastKnownFileType = "sourcecode.cpp.cpp";
		};
		DEFA91EA525DC29A5B6B8E28 = {
			fileRef = "111E4FF2FBA53D123131854B";
			isa = PBXBuildFile;
			settings = {
				ATTRIBUTES = (
					);
			};
		};
		D8B773819B84590E36FBF83F = {
			isa = PBXFileReference;
			name = "filesavedialog.cpp";
			path = "../src/filesavedialog.cpp";
			refType = 4;
			lastKnownFileType = "sourcecode.cpp.cpp";
		};
		455E902D661BE99804705F18 = {
			fileRef = "D8B773819B84590E36FBF83F";
			isa = PBXBuildFile;
			settings = {
				ATTRIBUTES = (
					);
			};
		};
		B384A8ED95C9BAADDA18DE59 = {
			isa = PBXFileReference;
			name = "label.cpp";
			path = "../src/label.cpp";
			refType = 4;
			lastKnownFileType = "sourcecode.cpp.cpp";
		};
		8D4F5E49453EEA0437CB93E0 = {
			fileRef = "B384A8ED95C9BAADDA18DE59";
			isa = PBXBuildFile;
			settings = {
				ATTRIBUTES = (
					);
			};
		};
		A98C72B30428A8FB182A3E06 = {
			isa = PBXFileReference;
			name = "main.cpp";
			path = "../src/main.cpp";
			refType = 4;
			lastKnownFileType = "sourcecode.cpp.cpp";
		};
		0906DF28750D0609E141693F = {
			fileRef = "A98C72B30428A8FB182A3E06";
			isa = PBXBuildFile;
			settings = {
				ATTRIBUTES = (
					);
			};
		};
		650CEDC9AF3E67BE0AABAC79 = {
			isa = PBXFileReference;
			name = "mainwindow.cpp";
			path = "../src/mainwindow.cpp";
			refType = 4;
			lastKnownFileType = "sourcecode.cpp.cpp";
		};
		8E13B088D23DC94A1EED8D33 = {
			fileRef = "650CEDC9AF3E67BE0AABAC79";
			isa = PBXBuildFile;
			settings = {
				ATTRIBUTES = (
					);
			};
		};
		A3D0B83AEA3230801C7E875E = {
			isa = PBXFileReference;
			name = "mainwindow_filesave.cpp";
			path = "../src/mainwindow_filesave.cpp";
			refType = 4;
			lastKnownFileType = "sourcecode.cpp.cpp";
		};
		B75B852F0C2841DC0341B409 = {
			fileRef = "A3D0B83AEA3230801C7E875E";
			isa = PBXBuildFile;
			settings = {
				ATTRIBUTES = (
					);
			};
		};
		5A0369E2D2E73621FDA98312 = {
			isa = PBXFileReference;
			name = "molecule.cpp";
			path = "../src/molecule.cpp";
			refType = 4;
			lastKnownFileType = "sourcecode.cpp.cpp";
		};
		7286762AA1B8A9416D5FBE0A = {
			fileRef = "5A0369E2D2E73621FDA98312";
			isa = PBXBuildFile;
			settings = {
				ATTRIBUTES = (
					);
			};
		};
		5C6837333E7DA14297F54E38 = {
			isa = PBXFileReference;
			name = "moc_drawingcanvas.cpp";
			path = "moc_drawingcanvas.cpp";
			refType = 4;
			lastKnownFileType = "sourcecode.cpp.cpp";
		};
		FF5E37458D82C93510865AD2 = {
			fileRef = "5C6837333E7DA14297F54E38";
			isa = PBXBuildFile;
			settings = {
				ATTRIBUTES = (
					);
			};
		};
		C0C33DFDDBF1AC12D7EA490C = {
			isa = PBXFileReference;
			name = "moc_label.cpp";
			path = "moc_label.cpp";
			refType = 4;
			lastKnownFileType = "sourcecode.cpp.cpp";
		};
		7722AC22F03A16285D745A96 = {
			fileRef = "C0C33DFDDBF1AC12D7EA490C";
			isa = PBXBuildFile;
			settings = {
				ATTRIBUTES = (
					);
			};
		};
		336D3C48DD3B44974395C633 = {
			isa = PBXFileReference;
			name = "moc_mainwindow.cpp";
			path = "moc_mainwindow.cpp";
			refType = 4;
			lastKnownFileType = "sourcecode.cpp.cpp";
		};
		26C2BED6C570C95F5243C556 = {
			fileRef = "336D3C48DD3B44974395C633";
			isa = PBXBuildFile;
			settings = {
				ATTRIBUTES = (
					);
			};
		};
		1CED97289E3E5B40F60B03BD = {
			isa = PBXFileReference;
			name = "qrc_chemvp.cpp";
			path = "qrc_chemvp.cpp";
			refType = 4;
			lastKnownFileType = "sourcecode.cpp.cpp";
		};
		5BA2C9CB11EB21B93F272DA2 = {
			fileRef = "1CED97289E3E5B40F60B03BD";
			isa = PBXBuildFile;
			settings = {
				ATTRIBUTES = (
					);
			};
		};
		919A2A7CCC7A45092C46ACB7 = {
			isa = PBXFileReference;
			name = "angle.h";
			path = "../src/angle.h";
			refType = 4;
		};
		E9C3569F1F55CE3E809976DC = {
			isa = PBXFileReference;
			name = "anglemarker.h";
			path = "../src/anglemarker.h";
			refType = 4;
		};
		DF1DE78ABF4A680622E4ECCD = {
			isa = PBXFileReference;
			name = "arrow.h";
			path = "../src/arrow.h";
			refType = 4;
		};
		AC2069FEDEC7C75BE45BBD64 = {
			isa = PBXFileReference;
			name = "atom.h";
			path = "../src/atom.h";
			refType = 4;
		};
		06357B88CA62938AF270FEB7 = {
			isa = PBXFileReference;
			name = "bond.h";
			path = "../src/bond.h";
			refType = 4;
		};
		49FF223DDB76243461AF73CD = {
			isa = PBXFileReference;
			name = "defines.h";
			path = "../src/defines.h";
			refType = 4;
		};
		878FDCE3D5A0094D9FC5E5D6 = {
			isa = PBXFileReference;
			name = "drawingcanvas.h";
			path = "../src/drawingcanvas.h";
			refType = 4;
		};
		83453733F8AFA13782CF9BB1 = {
			isa = PBXFileReference;
			name = "drawinginfo.h";
			path = "../src/drawinginfo.h";
			refType = 4;
		};
		A177A62EC590A7C25CCC6806 = {
			isa = PBXFileReference;
			name = "error.h";
			path = "../src/error.h";
			refType = 4;
		};
		54B1BCB895E91F12A5BA5702 = {
			isa = PBXFileReference;
			name = "fileparser.h";
			path = "../src/fileparser.h";
			refType = 4;
		};
		D32F1CC8F47197A892C2F8FF = {
			isa = PBXFileReference;
			name = "filesavedialog.h";
			path = "../src/filesavedialog.h";
			refType = 4;
		};
		313CE293EB551124EABE4A1A = {
			isa = PBXFileReference;
			name = "label.h";
			path = "../src/label.h";
			refType = 4;
		};
		B38DE5F355736623429C97B3 = {
			isa = PBXFileReference;
			name = "mainwindow.h";
			path = "../src/mainwindow.h";
			refType = 4;
		};
		10DFE36673639A7994FAC418 = {
			isa = PBXFileReference;
			name = "molecule.h";
			path = "../src/molecule.h";
			refType = 4;
		};
		9826B2776D0E9992727C8E25 = {
			isa = PBXFileReference;
			name = "cheMVP.pro";
			path = "cheMVP.pro";
			refType = 4;
		};
		0E7A467C1DB640C5F69E00AD = {
			isa = PBXFileReference;
			name = "chemvp.qrc";
			path = "../src/chemvp.qrc";
			refType = 4;
		};
		D01BAA5BC15C442044AC9168 = {
			fileRef = "0E7A467C1DB640C5F69E00AD";
			isa = PBXBuildFile;
			settings = {
				ATTRIBUTES = (
					);
			};
		};
		883D7615C4D2DE3FA1218F12 = {
			isa = PBXGroup;
			children = (
				"4458B98565818D7E2682FA2D");
			name = "Headers";
			refType = 4;
		};
		4458B98565818D7E2682FA2D = {
			isa = PBXGroup;
			children = (
				"90EA38E2E04640FD4C27618C");
			name = "..";
			refType = 4;
		};
		90EA38E2E04640FD4C27618C = {
			isa = PBXGroup;
			children = (
				"919A2A7CCC7A45092C46ACB7",
				"E9C3569F1F55CE3E809976DC",
				"DF1DE78ABF4A680622E4ECCD",
				"AC2069FEDEC7C75BE45BBD64",
				"06357B88CA62938AF270FEB7",
				"49FF223DDB76243461AF73CD",
				"878FDCE3D5A0094D9FC5E5D6",
				"83453733F8AFA13782CF9BB1",
				"A177A62EC590A7C25CCC6806",
				"54B1BCB895E91F12A5BA5702",
				"D32F1CC8F47197A892C2F8FF",
				"313CE293EB551124EABE4A1A",
				"B38DE5F355736623429C97B3",
				"10DFE36673639A7994FAC418");
			name = "src";
			refType = 4;
		};
		64A825BB1933BF027E198B1D = {
			isa = PBXGroup;
			children = (
				"0C493CB498152EAEA759F811");
			name = "..";
			refType = 4;
		};
		0C493CB498152EAEA759F811 = {
			isa = PBXGroup;
			children = (
				"0E7A467C1DB640C5F69E00AD");
			name = "src";
			refType = 4;
		};
		BFA3A29D17FD123C907B6E35 = {
			isa = PBXGroup;
			children = (
				"58044B046310C858CE5E1612");
			name = "..";
			refType = 4;
		};
		58044B046310C858CE5E1612 = {
			isa = PBXGroup;
			children = (
				"6099A48C4BDF60912BA36DC1",
				"7643D31203D8AF46C42E5E91",
				"6CA6CE6FE37F1EC1AF495710",
				"6B424F40E226E9781AD4CC80",
				"637627282690E6A82F9F779A",
				"915D2C7363712D17FFED16E5",
				"D98EC1DB080E7A650AA7A3A6",
				"B3ED9DB1EDCB35E78DF2F2BC",
				"97E853C213BFCFC79E35FAAE",
				"111E4FF2FBA53D123131854B",
				"D8B773819B84590E36FBF83F",
				"B384A8ED95C9BAADDA18DE59",
				"A98C72B30428A8FB182A3E06",
				"650CEDC9AF3E67BE0AABAC79",
				"A3D0B83AEA3230801C7E875E",
				"5A0369E2D2E73621FDA98312");
			name = "src";
			refType = 4;
		};
		FB61758D0F0FDA4BA867C3D5 = {
			isa = PBXGroup;
			children = (
				"BFA3A29D17FD123C907B6E35");
			name = "Sources";
			refType = 4;
		};
		52C235EBF1C9B07808119459 = {
			isa = PBXGroup;
			children = (
				"64A825BB1933BF027E198B1D");
			name = "Sources [RCC]";
			refType = 4;
		};
		7CABE3C80E79AD2B307756D2 = {
			isa = PBXGroup;
			children = (
				"9826B2776D0E9992727C8E25");
			name = "Sources [qmake]";
			refType = 4;
		};
		46E892BBB6BB6952967E0561 = {
			isa = PBXGroup;
			children = (
				"5C6837333E7DA14297F54E38",
				"C0C33DFDDBF1AC12D7EA490C",
				"336D3C48DD3B44974395C633",
				"1CED97289E3E5B40F60B03BD");
			name = "Temporary Sources";
			refType = 4;
		};
		A0A52A2ADF7A1E2A99738674 = {
			buildActionMask = 2147483647;
			files = (
				);
			generatedFileNames = (
				"6E3CED9600DCAFA923B571B5",
				"DC6637A510E2AF24E4127737",
				"68440E64188D082FEC3B5F58",
				"481A19CFD8203C3DF3395F20",
				"8FCE32C95ACA402EF7EE12E9",
				"437631504D09782C4EF79EFF",
				"BDAFE109DE268D895FBD935E",
				"9D7389B1310624D77CE461CC",
				"DEF57350D1F012443F70B860",
				"DEFA91EA525DC29A5B6B8E28",
				"455E902D661BE99804705F18",
				"8D4F5E49453EEA0437CB93E0",
				"0906DF28750D0609E141693F",
				"8E13B088D23DC94A1EED8D33",
				"B75B852F0C2841DC0341B409",
				"7286762AA1B8A9416D5FBE0A",
				"FF5E37458D82C93510865AD2",
				"7722AC22F03A16285D745A96",
				"26C2BED6C570C95F5243C556",
				"5BA2C9CB11EB21B93F272DA2");
			isa = PBXShellScriptBuildPhase;
			name = "Qt Preprocessors";
			neededFileNames = (
				"6E3CED9600DCAFA923B571B5",
				"DC6637A510E2AF24E4127737",
				"68440E64188D082FEC3B5F58",
				"481A19CFD8203C3DF3395F20",
				"8FCE32C95ACA402EF7EE12E9",
				"437631504D09782C4EF79EFF",
				"BDAFE109DE268D895FBD935E",
				"9D7389B1310624D77CE461CC",
				"DEF57350D1F012443F70B860",
				"DEFA91EA525DC29A5B6B8E28",
				"455E902D661BE99804705F18",
				"8D4F5E49453EEA0437CB93E0",
				"0906DF28750D0609E141693F",
				"8E13B088D23DC94A1EED8D33",
				"B75B852F0C2841DC0341B409",
				"7286762AA1B8A9416D5FBE0A",
				"FF5E37458D82C93510865AD2",
				"7722AC22F03A16285D745A96",
				"26C2BED6C570C95F5243C556",
				"5BA2C9CB11EB21B93F272DA2");
			shellPath = "/bin/sh";
			shellScript = "make\ -C\ /Users/shrymc/Development/chemvp/compilation_mac_os_x_64\ -f\ cheMVP.xcodeproj/qt_preprocess.mak";
		};
		C29B8785722055ED95EF7B57 = {
			buildActionMask = 2147483647;
			files = (
				"6E3CED9600DCAFA923B571B5",
				"DC6637A510E2AF24E4127737",
				"68440E64188D082FEC3B5F58",
				"481A19CFD8203C3DF3395F20",
				"8FCE32C95ACA402EF7EE12E9",
				"437631504D09782C4EF79EFF",
				"BDAFE109DE268D895FBD935E",
				"9D7389B1310624D77CE461CC",
				"DEF57350D1F012443F70B860",
				"DEFA91EA525DC29A5B6B8E28",
				"455E902D661BE99804705F18",
				"8D4F5E49453EEA0437CB93E0",
				"0906DF28750D0609E141693F",
				"8E13B088D23DC94A1EED8D33",
				"B75B852F0C2841DC0341B409",
				"7286762AA1B8A9416D5FBE0A",
				"FF5E37458D82C93510865AD2",
				"7722AC22F03A16285D745A96",
				"26C2BED6C570C95F5243C556",
				"5BA2C9CB11EB21B93F272DA2");
			isa = PBXSourcesBuildPhase;
			name = "Build Sources";
		};
		2D7FF9EBB69BCF2C19DC629B = {
			isa = PBXFrameworkReference;
			name = "QtSvg.framework";
			path = "/Library/Frameworks/QtSvg.framework";
			refType = 0;
		};
		08D8EC4D0C273BC5E194E43D = {
			fileRef = "2D7FF9EBB69BCF2C19DC629B";
			isa = PBXBuildFile;
			settings = {
			};
		};
		9B36DA7E32F0304E780E7972 = {
			isa = PBXFrameworkReference;
			name = "QtGui.framework";
			path = "/Library/Frameworks/QtGui.framework";
			refType = 0;
		};
		501667F26B3C1FF6767A7C12 = {
			fileRef = "9B36DA7E32F0304E780E7972";
			isa = PBXBuildFile;
			settings = {
			};
		};
		DA138F75C9F545CDAE7FB264 = {
			isa = PBXFrameworkReference;
			name = "Carbon.framework";
			path = "/System/Library/Frameworks/Carbon.framework";
			refType = 0;
		};
		C8FD4A1AAA37CF2CA2824CCF = {
			fileRef = "DA138F75C9F545CDAE7FB264";
			isa = PBXBuildFile;
			settings = {
			};
		};
		821416211D63F190AAAD016A = {
			isa = PBXFrameworkReference;
			name = "AppKit.framework";
			path = "/System/Library/Frameworks/AppKit.framework";
			refType = 0;
		};
		51D4DBF7CB8537BE86EBD055 = {
			fileRef = "821416211D63F190AAAD016A";
			isa = PBXBuildFile;
			settings = {
			};
		};
		7BC2E65A5E699A5E5D834CA2 = {
			isa = PBXFrameworkReference;
			name = "QtCore.framework";
			path = "/Library/Frameworks/QtCore.framework";
			refType = 0;
		};
		069D05B0128AE5DC7EE31738 = {
			fileRef = "7BC2E65A5E699A5E5D834CA2";
			isa = PBXBuildFile;
			settings = {
			};
		};
		27AE7A480FD6C52FCA80FECD = {
			isa = PBXFrameworkReference;
			name = "ApplicationServices.framework";
			path = "/System/Library/Frameworks/ApplicationServices.framework";
			refType = 0;
		};
		F9E76E570E10AF14870553A7 = {
			fileRef = "27AE7A480FD6C52FCA80FECD";
			isa = PBXBuildFile;
			settings = {
			};
		};
		ED1E82605DD74B483AF3C982 = {
			children = (
				"2D7FF9EBB69BCF2C19DC629B",
				"9B36DA7E32F0304E780E7972",
				"DA138F75C9F545CDAE7FB264",
				"821416211D63F190AAAD016A",
				"7BC2E65A5E699A5E5D834CA2",
				"27AE7A480FD6C52FCA80FECD");
			isa = PBXGroup;
			name = "External Frameworks and Libraries";
			path = "";
			refType = 4;
		};
		2A1043669E6E5A7426EA502A = {
			buildActionMask = 2147483647;
			files = (
				"08D8EC4D0C273BC5E194E43D",
				"501667F26B3C1FF6767A7C12",
				"C8FD4A1AAA37CF2CA2824CCF",
				"51D4DBF7CB8537BE86EBD055",
				"069D05B0128AE5DC7EE31738",
				"F9E76E570E10AF14870553A7");
			isa = PBXFrameworksBuildPhase;
			name = "Frameworks & Libraries";
		};
		3787F99312C85FF0073FD7BA = {
			buildActionMask = 2147483647;
			files = (
			);
			isa = PBXResourcesBuildPhase;
			name = "Bundle Resources";
		};
		F6069D5A5DA8AA28EDB8B3C6 = {
			name = "Project Copy";
			buildActionMask = 2147483647;
			dstPath = "/Users/shrymc/Development/chemvp/compilation_mac_os_x_64";
			dstSubfolderSpec = 0;
			files = (
"07E0DFA73EB56DCB9E28CDD9");
			isa = PBXCopyFilesBuildPhase;
			runOnlyForDeploymentPostprocessing = 0;
		};
		07E0DFA73EB56DCB9E28CDD9 = {
			fileRef = "79027046F57B56CBC30BE66E";
			isa = PBXBuildFile;
			settings = {
			};
		};
		05596AB53D8D521C69802C27 = {
			children = (
				"FB61758D0F0FDA4BA867C3D5",
				"46E892BBB6BB6952967E0561",
				"883D7615C4D2DE3FA1218F12",
				"7CABE3C80E79AD2B307756D2",
				"52C235EBF1C9B07808119459",
				"ED1E82605DD74B483AF3C982");
			isa = PBXGroup;
			name = "cheMVP";
			path = "";
			refType = 4;
		};
		79027046F57B56CBC30BE66E = {
			isa = PBXFileReference;
			explicitFileType = "wrapper.application";
			path = "cheMVP.app";
			refType = 3;
			sourceTree = BUILT_PRODUCTS_DIR;
		};
		068F80C7519D0528FB08E821 = {
			children = (
				"79027046F57B56CBC30BE66E");
			isa = PBXGroup;
			name = "Products";
			refType = 4;
		};
		0440BCC772C8B709D9CCF165 = {
			buildPhases = (
				"D7BA7D76DAB5DD13389D6332",
				"A0A52A2ADF7A1E2A99738674",
				"F6069D5A5DA8AA28EDB8B3C6",
				"C29B8785722055ED95EF7B57",
				"2A1043669E6E5A7426EA502A",
				"3787F99312C85FF0073FD7BA");
			buildSettings = {
				HEADER_SEARCH_PATHS = (
					"/Library/Frameworks/QtCore.framework/Versions/4/Headers",
					"/usr/include/QtCore",
					"/Library/Frameworks/QtGui.framework/Versions/4/Headers",
					"/usr/include/QtGui",
					"/Library/Frameworks/QtSvg.framework/Versions/4/Headers",
					"/usr/include/QtSvg",
					"/usr/include",
					".",
					".",
					"/usr/local/include",
					"/System/Library/Frameworks/CarbonCore.framework/Headers",
					"/usr/local/Qt4.4/mkspecs/macx-xcode");
				LIBRARY_SEARCH_PATHS = (
					"/Library/Frameworks",
					"/System/Library/Frameworks/");
				OPTIMIZATION_CFLAGS = (
					);
				OTHER_CFLAGS = (
					"-pipe",
					"-g",
					"-Wall",
					"-W",
					"-DQT_SVG_LIB",
					"-DQT_GUI_LIB",
					"-DQT_CORE_LIB",
					"-DQT_SHARED");
				OTHER_CPLUSPLUSFLAGS = (
					"-pipe",
					"-O0\ -g",
					"-Wall",
					"-W",
					"-DQT_SVG_LIB",
					"-DQT_GUI_LIB",
					"-DQT_CORE_LIB",
					"-DQT_SHARED");
				LEXFLAGS = "";
				YACCFLAGS = "-d";
				OTHER_REZFLAGS = "";
				SECTORDER_FLAGS = "";
				WARNING_CFLAGS = "";
				PREBINDING = NO;
				INFOPLIST_FILE = "Info.plist";
				BUILD_ROOT = "/Users/shrymc/Development/chemvp/compilation_mac_os_x_64";
				OTHER_LDFLAGS = (
						"-headerpad_max_install_names",
						"-L/Library/Frameworks",
						"-F/Library/Frameworks",
						"-lz",
						"-lm");
				DYLIB_CURRENT_VERSION = "1.0.0";
				DYLIB_COMPATIBILITY_VERSION = "1.0";
				MACOSX_DEPLOYMENT_TARGET = "10.3";
				PRODUCT_NAME = "cheMVP";
			};
			conditionalBuildSettings = {
			};
			dependencies = (
				);
			productReference = "79027046F57B56CBC30BE66E";
			shouldUseHeadermap = 1;
			isa = PBXNativeTarget;
			productType = "com.apple.product-type.application";
			productSettingsXML = "<?xml version=\"1.0\" encoding=\"UTF-8\"?>
<!DOCTYPE plist SYSTEM \"file://localhost/System/Library/DTDs/PropertyList.dtd\">
<plist version=\"0.9\">
<dict>
	<key>CFBundleIconFile</key>
	<string></string>
	<key>CFBundlePackageType</key>
	<string>APPL</string>
        <key>CFBundleGetInfoString</key>
	<string>Created by Qt/QMake</string>
	<key>CFBundleSignature</key>
	<string>????</string>
	<key>CFBundleExecutable</key>
	<string>cheMVP</string>
	<key>NOTE</key>
	<string>Please, do NOT change this file -- It was generated by Qt/QMake.</string>
</dict>
</plist>
";
			name = "cheMVP";
			productName = "cheMVP";
			startupPath = "<<ProjectDirectory>>";
		};
		8DB1DD96F65B1BF1FFC506E0 = {
			isa = XCBuildConfiguration;
			buildSettings = {
				COPY_PHASE_STRIP = "NO";
				GCC_GENERATE_DEBUGGING_SYMBOLS = "YES";
				GCC_OPTIMIZATION_LEVEL = "0";
			};
			name = "Debug";
		};
		2C641C3335766025DD51B7BD = {
			buildRules = (
				);
			buildSettings = {
				COPY_PHASE_STRIP = "NO";
				GCC_GENERATE_DEBUGGING_SYMBOLS = "YES";
				GCC_OPTIMIZATION_LEVEL = "0";
			};
			isa = "PBXBuildStyle";
			name = "Debug";
		};
		95E1EB2E5DDD587BE5B3E548 = {
			isa = XCBuildConfiguration;
			buildSettings = {
				COPY_PHASE_STRIP = "YES";
				GCC_GENERATE_DEBUGGING_SYMBOLS = "NO";
			};
			name = "Release";
		};
		26DE8D2AEA4B3714B41E931F = {
			buildRules = (
				);
			buildSettings = {
				COPY_PHASE_STRIP = "YES";
				GCC_GENERATE_DEBUGGING_SYMBOLS = "NO";
			};
			isa = "PBXBuildStyle";
			name = "Release";
		};
		2A951308CDB28F104D0A4BD2 = {
			isa = XCConfigurationList;
			buildConfigurations = (
				"8DB1DD96F65B1BF1FFC506E0",
				"95E1EB2E5DDD587BE5B3E548");
			defaultConfigurationIsVisible = 0;
			defaultConfigurationIsName = "Debug";
		};
		91B15E841AA80083484172DE = {
			buildStyles = (
				"2C641C3335766025DD51B7BD",
				"26DE8D2AEA4B3714B41E931F");
			hasScannedForEncodings = 1;
			isa = PBXProject;
			mainGroup = "05596AB53D8D521C69802C27";
			buildConfigurationList = "2A951308CDB28F104D0A4BD2";
			projectDirPath = "";
			targets = (
				"0440BCC772C8B709D9CCF165");
		};
	};
	rootObject = "91B15E841AA80083484172DE";
}
